
Microsoft Visual Studio Solution File, Format Version 12.00
# Visual Studio Version 17
VisualStudioVersion = 17.4.33213.308
MinimumVisualStudioVersion = 10.0.40219.1
Project("{FAE04EC0-301F-11D3-BF4B-00C04F79EFBC}") = "CompanyWorkers", "CompanyWorkers\CompanyWorkers.csproj", "{80931020-663D-4E40-94C8-AEA026394FE8}"
EndProject
Global
	GlobalSection(SolutionConfigurationPlatforms) = preSolution
		Debug|Any CPU = Debug|Any CPU
		Release|Any CPU = Release|Any CPU
	EndGlobalSection
	GlobalSection(ProjectConfigurationPlatforms) = postSolution
		{80931020-663D-4E40-94C8-AEA026394FE8}.Debug|Any CPU.ActiveCfg = Debug|Any CPU
		{80931020-663D-4E40-94C8-AEA026394FE8}.Debug|Any CPU.Build.0 = Debug|Any CPU
		{80931020-663D-4E40-94C8-AEA026394FE8}.Release|Any CPU.ActiveCfg = Release|Any CPU
		{80931020-663D-4E40-94C8-AEA026394FE8}.Release|Any CPU.Build.0 = Release|Any CPU
	EndGlobalSection
	GlobalSection(SolutionProperties) = preSolution
		HideSolutionNode = FALSE
	EndGlobalSection
	GlobalSection(ExtensibilityGlobals) = postSolution
		SolutionGuid = {07BAD63D-97A1-40CE-A612-CD7370CA254F}
	EndGlobalSection
EndGlobal
